// !$*UTF8*$!
{
	archiveVersion = 1;
	classes = {
	};
	objectVersion = 46;
	objects = {

/* Begin PBXBuildFile section */
		98A84D621602CD2500A4A673 /* UIKit.framework in Frameworks */ = {isa = PBXBuildFile; fileRef = 98A84D611602CD2500A4A673 /* UIKit.framework */; };
		98A84D641602CD2500A4A673 /* Foundation.framework in Frameworks */ = {isa = PBXBuildFile; fileRef = 98A84D631602CD2500A4A673 /* Foundation.framework */; };
		98A84D661602CD2500A4A673 /* CoreGraphics.framework in Frameworks */ = {isa = PBXBuildFile; fileRef = 98A84D651602CD2500A4A673 /* CoreGraphics.framework */; };
		98A84D6C1602CD2500A4A673 /* InfoPlist.strings in Resources */ = {isa = PBXBuildFile; fileRef = 98A84D6A1602CD2500A4A673 /* InfoPlist.strings */; };
		98A84D6E1602CD2500A4A673 /* main.m in Sources */ = {isa = PBXBuildFile; fileRef = 98A84D6D1602CD2500A4A673 /* main.m */; };
		98A84D721602CD2500A4A673 /* KHHAppDelegate.m in Sources */ = {isa = PBXBuildFile; fileRef = 98A84D711602CD2500A4A673 /* KHHAppDelegate.m */; };
		98A84D7A1602CD2500A4A673 /* SenTestingKit.framework in Frameworks */ = {isa = PBXBuildFile; fileRef = 98A84D791602CD2500A4A673 /* SenTestingKit.framework */; };
		98A84D7B1602CD2500A4A673 /* UIKit.framework in Frameworks */ = {isa = PBXBuildFile; fileRef = 98A84D611602CD2500A4A673 /* UIKit.framework */; };
		98A84D7C1602CD2500A4A673 /* Foundation.framework in Frameworks */ = {isa = PBXBuildFile; fileRef = 98A84D631602CD2500A4A673 /* Foundation.framework */; };
		98A84D841602CD2500A4A673 /* InfoPlist.strings in Resources */ = {isa = PBXBuildFile; fileRef = 98A84D821602CD2500A4A673 /* InfoPlist.strings */; };
		98A84D871602CD2500A4A673 /* CardBookTests.m in Sources */ = {isa = PBXBuildFile; fileRef = 98A84D861602CD2500A4A673 /* CardBookTests.m */; };
/* End PBXBuildFile section */

/* Begin PBXContainerItemProxy section */
		98A84D7D1602CD2500A4A673 /* PBXContainerItemProxy */ = {
			isa = PBXContainerItemProxy;
			containerPortal = 98A84D541602CD2500A4A673 /* Project object */;
			proxyType = 1;
			remoteGlobalIDString = 98A84D5C1602CD2500A4A673;
			remoteInfo = CardBook;
		};
/* End PBXContainerItemProxy section */

/* Begin PBXFileReference section */
		98A84D5D1602CD2500A4A673 /* CardBook.app */ = {isa = PBXFileReference; explicitFileType = wrapper.application; includeInIndex = 0; path = CardBook.app; sourceTree = BUILT_PRODUCTS_DIR; };
		98A84D611602CD2500A4A673 /* UIKit.framework */ = {isa = PBXFileReference; lastKnownFileType = wrapper.framework; name = UIKit.framework; path = System/Library/Frameworks/UIKit.framework; sourceTree = SDKROOT; };
		98A84D631602CD2500A4A673 /* Foundation.framework */ = {isa = PBXFileReference; lastKnownFileType = wrapper.framework; name = Foundation.framework; path = System/Library/Frameworks/Foundation.framework; sourceTree = SDKROOT; };
		98A84D651602CD2500A4A673 /* CoreGraphics.framework */ = {isa = PBXFileReference; lastKnownFileType = wrapper.framework; name = CoreGraphics.framework; path = System/Library/Frameworks/CoreGraphics.framework; sourceTree = SDKROOT; };
		98A84D691602CD2500A4A673 /* CardBook-Info.plist */ = {isa = PBXFileReference; lastKnownFileType = text.plist.xml; path = "CardBook-Info.plist"; sourceTree = "<group>"; };
		98A84D6B1602CD2500A4A673 /* en */ = {isa = PBXFileReference; lastKnownFileType = text.plist.strings; name = en; path = en.lproj/InfoPlist.strings; sourceTree = "<group>"; };
		98A84D6D1602CD2500A4A673 /* main.m */ = {isa = PBXFileReference; lastKnownFileType = sourcecode.c.objc; path = main.m; sourceTree = "<group>"; };
		98A84D6F1602CD2500A4A673 /* CardBook-Prefix.pch */ = {isa = PBXFileReference; lastKnownFileType = sourcecode.c.h; path = "CardBook-Prefix.pch"; sourceTree = "<group>"; };
		98A84D701602CD2500A4A673 /* KHHAppDelegate.h */ = {isa = PBXFileReference; lastKnownFileType = sourcecode.c.h; path = KHHAppDelegate.h; sourceTree = "<group>"; };
		98A84D711602CD2500A4A673 /* KHHAppDelegate.m */ = {isa = PBXFileReference; lastKnownFileType = sourcecode.c.objc; path = KHHAppDelegate.m; sourceTree = "<group>"; };
		98A84D781602CD2500A4A673 /* CardBookTests.octest */ = {isa = PBXFileReference; explicitFileType = wrapper.cfbundle; includeInIndex = 0; path = CardBookTests.octest; sourceTree = BUILT_PRODUCTS_DIR; };
		98A84D791602CD2500A4A673 /* SenTestingKit.framework */ = {isa = PBXFileReference; lastKnownFileType = wrapper.framework; name = SenTestingKit.framework; path = Library/Frameworks/SenTestingKit.framework; sourceTree = DEVELOPER_DIR; };
		98A84D811602CD2500A4A673 /* CardBookTests-Info.plist */ = {isa = PBXFileReference; lastKnownFileType = text.plist.xml; path = "CardBookTests-Info.plist"; sourceTree = "<group>"; };
		98A84D831602CD2500A4A673 /* en */ = {isa = PBXFileReference; lastKnownFileType = text.plist.strings; name = en; path = en.lproj/InfoPlist.strings; sourceTree = "<group>"; };
		98A84D851602CD2500A4A673 /* CardBookTests.h */ = {isa = PBXFileReference; lastKnownFileType = sourcecode.c.h; path = CardBookTests.h; sourceTree = "<group>"; };
		98A84D861602CD2500A4A673 /* CardBookTests.m */ = {isa = PBXFileReference; lastKnownFileType = sourcecode.c.objc; path = CardBookTests.m; sourceTree = "<group>"; };
/* End PBXFileReference section */

/* Begin PBXFrameworksBuildPhase section */
		98A84D5A1602CD2500A4A673 /* Frameworks */ = {
			isa = PBXFrameworksBuildPhase;
			buildActionMask = 2147483647;
			files = (
				98A84D621602CD2500A4A673 /* UIKit.framework in Frameworks */,
				98A84D641602CD2500A4A673 /* Foundation.framework in Frameworks */,
				98A84D661602CD2500A4A673 /* CoreGraphics.framework in Frameworks */,
			);
			runOnlyForDeploymentPostprocessing = 0;
		};
		98A84D741602CD2500A4A673 /* Frameworks */ = {
			isa = PBXFrameworksBuildPhase;
			buildActionMask = 2147483647;
			files = (
				98A84D7A1602CD2500A4A673 /* SenTestingKit.framework in Frameworks */,
				98A84D7B1602CD2500A4A673 /* UIKit.framework in Frameworks */,
				98A84D7C1602CD2500A4A673 /* Foundation.framework in Frameworks */,
			);
			runOnlyForDeploymentPostprocessing = 0;
		};
/* End PBXFrameworksBuildPhase section */

/* Begin PBXGroup section */
		98A84D521602CD2500A4A673 = {
			isa = PBXGroup;
			children = (
				98A84D671602CD2500A4A673 /* CardBook */,
				98A84D7F1602CD2500A4A673 /* CardBookTests */,
				98A84D601602CD2500A4A673 /* Frameworks */,
				98A84D5E1602CD2500A4A673 /* Products */,
			);
			sourceTree = "<group>";
		};
		98A84D5E1602CD2500A4A673 /* Products */ = {
			isa = PBXGroup;
			children = (
				98A84D5D1602CD2500A4A673 /* CardBook.app */,
				98A84D781602CD2500A4A673 /* CardBookTests.octest */,
			);
			name = Products;
			sourceTree = "<group>";
		};
		98A84D601602CD2500A4A673 /* Frameworks */ = {
			isa = PBXGroup;
			children = (
				98A84D611602CD2500A4A673 /* UIKit.framework */,
				98A84D631602CD2500A4A673 /* Foundation.framework */,
				98A84D651602CD2500A4A673 /* CoreGraphics.framework */,
				98A84D791602CD2500A4A673 /* SenTestingKit.framework */,
			);
			name = Frameworks;
			sourceTree = "<group>";
		};
		98A84D671602CD2500A4A673 /* CardBook */ = {
			isa = PBXGroup;
			children = (
				98A84D701602CD2500A4A673 /* KHHAppDelegate.h */,
				98A84D711602CD2500A4A673 /* KHHAppDelegate.m */,
				98A84D681602CD2500A4A673 /* Supporting Files */,
			);
			path = CardBook;
			sourceTree = "<group>";
		};
		98A84D681602CD2500A4A673 /* Supporting Files */ = {
			isa = PBXGroup;
			children = (
				98A84D691602CD2500A4A673 /* CardBook-Info.plist */,
				98A84D6A1602CD2500A4A673 /* InfoPlist.strings */,
				98A84D6D1602CD2500A4A673 /* main.m */,
				98A84D6F1602CD2500A4A673 /* CardBook-Prefix.pch */,
			);
			name = "Supporting Files";
			sourceTree = "<group>";
		};
		98A84D7F1602CD2500A4A673 /* CardBookTests */ = {
			isa = PBXGroup;
			children = (
				98A84D851602CD2500A4A673 /* CardBookTests.h */,
				98A84D861602CD2500A4A673 /* CardBookTests.m */,
				98A84D801602CD2500A4A673 /* Supporting Files */,
			);
			path = CardBookTests;
			sourceTree = "<group>";
		};
		98A84D801602CD2500A4A673 /* Supporting Files */ = {
			isa = PBXGroup;
			children = (
				98A84D811602CD2500A4A673 /* CardBookTests-Info.plist */,
				98A84D821602CD2500A4A673 /* InfoPlist.strings */,
			);
			name = "Supporting Files";
			sourceTree = "<group>";
		};
/* End PBXGroup section */

/* Begin PBXNativeTarget section */
		98A84D5C1602CD2500A4A673 /* CardBook */ = {
			isa = PBXNativeTarget;
			buildConfigurationList = 98A84D8A1602CD2500A4A673 /* Build configuration list for PBXNativeTarget "CardBook" */;
			buildPhases = (
				98A84D591602CD2500A4A673 /* Sources */,
				98A84D5A1602CD2500A4A673 /* Frameworks */,
				98A84D5B1602CD2500A4A673 /* Resources */,
			);
			buildRules = (
			);
			dependencies = (
			);
			name = CardBook;
			productName = CardBook;
			productReference = 98A84D5D1602CD2500A4A673 /* CardBook.app */;
			productType = "com.apple.product-type.application";
		};
		98A84D771602CD2500A4A673 /* CardBookTests */ = {
			isa = PBXNativeTarget;
			buildConfigurationList = 98A84D8D1602CD2500A4A673 /* Build configuration list for PBXNativeTarget "CardBookTests" */;
			buildPhases = (
				98A84D731602CD2500A4A673 /* Sources */,
				98A84D741602CD2500A4A673 /* Frameworks */,
				98A84D751602CD2500A4A673 /* Resources */,
				98A84D761602CD2500A4A673 /* ShellScript */,
			);
			buildRules = (
			);
			dependencies = (
				98A84D7E1602CD2500A4A673 /* PBXTargetDependency */,
			);
			name = CardBookTests;
			productName = CardBookTests;
			productReference = 98A84D781602CD2500A4A673 /* CardBookTests.octest */;
			productType = "com.apple.product-type.bundle";
		};
/* End PBXNativeTarget section */

/* Begin PBXProject section */
		98A84D541602CD2500A4A673 /* Project object */ = {
			isa = PBXProject;
			attributes = {
				CLASSPREFIX = KHH;
				LastUpgradeCheck = 0440;
				ORGANIZATIONNAME = Kinghanhong;
			};
			buildConfigurationList = 98A84D571602CD2500A4A673 /* Build configuration list for PBXProject "CardBook" */;
			compatibilityVersion = "Xcode 3.2";
			developmentRegion = English;
			hasScannedForEncodings = 0;
			knownRegions = (
				en,
			);
			mainGroup = 98A84D521602CD2500A4A673;
			productRefGroup = 98A84D5E1602CD2500A4A673 /* Products */;
			projectDirPath = "";
			projectRoot = "";
			targets = (
				98A84D5C1602CD2500A4A673 /* CardBook */,
				98A84D771602CD2500A4A673 /* CardBookTests */,
			);
		};
/* End PBXProject section */

/* Begin PBXResourcesBuildPhase section */
		98A84D5B1602CD2500A4A673 /* Resources */ = {
			isa = PBXResourcesBuildPhase;
			buildActionMask = 2147483647;
			files = (
				98A84D6C1602CD2500A4A673 /* InfoPlist.strings in Resources */,
			);
			runOnlyForDeploymentPostprocessing = 0;
		};
		98A84D751602CD2500A4A673 /* Resources */ = {
			isa = PBXResourcesBuildPhase;
			buildActionMask = 2147483647;
			files = (
				98A84D841602CD2500A4A673 /* InfoPlist.strings in Resources */,
			);
			runOnlyForDeploymentPostprocessing = 0;
		};
/* End PBXResourcesBuildPhase section */

/* Begin PBXShellScriptBuildPhase section */
		98A84D761602CD2500A4A673 /* ShellScript */ = {
			isa = PBXShellScriptBuildPhase;
			buildActionMask = 2147483647;
			files = (
			);
			inputPaths = (
			);
			outputPaths = (
			);
			runOnlyForDeploymentPostprocessing = 0;
			shellPath = /bin/sh;
			shellScript = "# Run the unit tests in this test bundle.\n\"${SYSTEM_DEVELOPER_DIR}/Tools/RunUnitTests\"\n";
		};
/* End PBXShellScriptBuildPhase section */

/* Begin PBXSourcesBuildPhase section */
		98A84D591602CD2500A4A673 /* Sources */ = {
			isa = PBXSourcesBuildPhase;
			buildActionMask = 2147483647;
			files = (
				98A84D6E1602CD2500A4A673 /* main.m in Sources */,
				98A84D721602CD2500A4A673 /* KHHAppDelegate.m in Sources */,
			);
			runOnlyForDeploymentPostprocessing = 0;
		};
		98A84D731602CD2500A4A673 /* Sources */ = {
			isa = PBXSourcesBuildPhase;
			buildActionMask = 2147483647;
			files = (
				98A84D871602CD2500A4A673 /* CardBookTests.m in Sources */,
			);
			runOnlyForDeploymentPostprocessing = 0;
		};
/* End PBXSourcesBuildPhase section */

/* Begin PBXTargetDependency section */
		98A84D7E1602CD2500A4A673 /* PBXTargetDependency */ = {
			isa = PBXTargetDependency;
			target = 98A84D5C1602CD2500A4A673 /* CardBook */;
			targetProxy = 98A84D7D1602CD2500A4A673 /* PBXContainerItemProxy */;
		};
/* End PBXTargetDependency section */

/* Begin PBXVariantGroup section */
		98A84D6A1602CD2500A4A673 /* InfoPlist.strings */ = {
			isa = PBXVariantGroup;
			children = (
				98A84D6B1602CD2500A4A673 /* en */,
			);
			name = InfoPlist.strings;
			sourceTree = "<group>";
		};
		98A84D821602CD2500A4A673 /* InfoPlist.strings */ = {
			isa = PBXVariantGroup;
			children = (
				98A84D831602CD2500A4A673 /* en */,
			);
			name = InfoPlist.strings;
			sourceTree = "<group>";
		};
/* End PBXVariantGroup section */

/* Begin XCBuildConfiguration section */
		98A84D881602CD2500A4A673 /* Debug */ = {
			isa = XCBuildConfiguration;
			buildSettings = {
				ALWAYS_SEARCH_USER_PATHS = NO;
				ARCHS = "$(ARCHS_STANDARD_32_BIT)";
				CLANG_CXX_LANGUAGE_STANDARD = "gnu++0x";
				CLANG_ENABLE_OBJC_ARC = YES;
				CLANG_WARN__DUPLICATE_METHOD_MATCH = YES;
				"CODE_SIGN_IDENTITY[sdk=iphoneos*]" = "iPhone Developer";
				COPY_PHASE_STRIP = NO;
				GCC_C_LANGUAGE_STANDARD = gnu99;
				GCC_DYNAMIC_NO_PIC = NO;
				GCC_OPTIMIZATION_LEVEL = 0;
				GCC_PREPROCESSOR_DEFINITIONS = (
					"DEBUG=1",
					"$(inherited)",
				);
				GCC_SYMBOLS_PRIVATE_EXTERN = NO;
				GCC_VERSION = com.apple.compilers.llvm.clang.1_0;
				GCC_WARN_ABOUT_RETURN_TYPE = YES;
				GCC_WARN_UNINITIALIZED_AUTOS = YES;
				GCC_WARN_UNUSED_VARIABLE = YES;
				IPHONEOS_DEPLOYMENT_TARGET = 5.1;
				SDKROOT = iphoneos;
			};
			name = Debug;
		};
		98A84D891602CD2500A4A673 /* Release */ = {
			isa = XCBuildConfiguration;
			buildSettings = {
				ALWAYS_SEARCH_USER_PATHS = NO;
				ARCHS = "$(ARCHS_STANDARD_32_BIT)";
				CLANG_CXX_LANGUAGE_STANDARD = "gnu++0x";
				CLANG_ENABLE_OBJC_ARC = YES;
				CLANG_WARN__DUPLICATE_METHOD_MATCH = YES;
				"CODE_SIGN_IDENTITY[sdk=iphoneos*]" = "iPhone Developer";
				COPY_PHASE_STRIP = YES;
				GCC_C_LANGUAGE_STANDARD = gnu99;
				GCC_VERSION = com.apple.compilers.llvm.clang.1_0;
				GCC_WARN_ABOUT_RETURN_TYPE = YES;
				GCC_WARN_UNINITIALIZED_AUTOS = YES;
				GCC_WARN_UNUSED_VARIABLE = YES;
				IPHONEOS_DEPLOYMENT_TARGET = 5.1;
				OTHER_CFLAGS = "-DNS_BLOCK_ASSERTIONS=1";
				SDKROOT = iphoneos;
				VALIDATE_PRODUCT = YES;
			};
			name = Release;
		};
		98A84D8B1602CD2500A4A673 /* Debug */ = {
			isa = XCBuildConfiguration;
			buildSettings = {
				GCC_PRECOMPILE_PREFIX_HEADER = YES;
				GCC_PREFIX_HEADER = "CardBook/CardBook-Prefix.pch";
				INFOPLIST_FILE = "CardBook/CardBook-Info.plist";
				PRODUCT_NAME = "$(TARGET_NAME)";
				WRAPPER_EXTENSION = app;
			};
			name = Debug;
		};
		98A84D8C1602CD2500A4A673 /* Release */ = {
			isa = XCBuildConfiguration;
			buildSettings = {
				GCC_PRECOMPILE_PREFIX_HEADER = YES;
				GCC_PREFIX_HEADER = "CardBook/CardBook-Prefix.pch";
				INFOPLIST_FILE = "CardBook/CardBook-Info.plist";
				PRODUCT_NAME = "$(TARGET_NAME)";
				WRAPPER_EXTENSION = app;
			};
			name = Release;
		};
		98A84D8E1602CD2500A4A673 /* Debug */ = {
			isa = XCBuildConfiguration;
			buildSettings = {
				BUNDLE_LOADER = "$(BUILT_PRODUCTS_DIR)/CardBook.app/CardBook";
				FRAMEWORK_SEARCH_PATHS = (
					"\"$(SDKROOT)/Developer/Library/Frameworks\"",
					"\"$(DEVELOPER_LIBRARY_DIR)/Frameworks\"",
				);
				GCC_PRECOMPILE_PREFIX_HEADER = YES;
				GCC_PREFIX_HEADER = "CardBook/CardBook-Prefix.pch";
				INFOPLIST_FILE = "CardBookTests/CardBookTests-Info.plist";
				PRODUCT_NAME = "$(TARGET_NAME)";
				TEST_HOST = "$(BUNDLE_LOADER)";
				WRAPPER_EXTENSION = octest;
			};
			name = Debug;
		};
		98A84D8F1602CD2500A4A673 /* Release */ = {
			isa = XCBuildConfiguration;
			buildSettings = {
				BUNDLE_LOADER = "$(BUILT_PRODUCTS_DIR)/CardBook.app/CardBook";
				FRAMEWORK_SEARCH_PATHS = (
					"\"$(SDKROOT)/Developer/Library/Frameworks\"",
					"\"$(DEVELOPER_LIBRARY_DIR)/Frameworks\"",
				);
				GCC_PRECOMPILE_PREFIX_HEADER = YES;
				GCC_PREFIX_HEADER = "CardBook/CardBook-Prefix.pch";
				INFOPLIST_FILE = "CardBookTests/CardBookTests-Info.plist";
				PRODUCT_NAME = "$(TARGET_NAME)";
				TEST_HOST = "$(BUNDLE_LOADER)";
				WRAPPER_EXTENSION = octest;
			};
			name = Release;
		};
/* End XCBuildConfiguration section */

/* Begin XCConfigurationList section */
		98A84D571602CD2500A4A673 /* Build configuration list for PBXProject "CardBook" */ = {
			isa = XCConfigurationList;
			buildConfigurations = (
				98A84D881602CD2500A4A673 /* Debug */,
				98A84D891602CD2500A4A673 /* Release */,
			);
			defaultConfigurationIsVisible = 0;
			defaultConfigurationName = Release;
		};
		98A84D8A1602CD2500A4A673 /* Build configuration list for PBXNativeTarget "CardBook" */ = {
			isa = XCConfigurationList;
			buildConfigurations = (
				98A84D8B1602CD2500A4A673 /* Debug */,
				98A84D8C1602CD2500A4A673 /* Release */,
			);
			defaultConfigurationIsVisible = 0;
		};
		98A84D8D1602CD2500A4A673 /* Build configuration list for PBXNativeTarget "CardBookTests" */ = {
			isa = XCConfigurationList;
			buildConfigurations = (
				98A84D8E1602CD2500A4A673 /* Debug */,
				98A84D8F1602CD2500A4A673 /* Release */,
			);
			defaultConfigurationIsVisible = 0;
		};
/* End XCConfigurationList section */
	};
	rootObject = 98A84D541602CD2500A4A673 /* Project object */;
}
