// !$*UTF8*$!
{
	archiveVersion = 1;
	classes = {
	};
	objectVersion = 46;
	objects = {

/* Begin PBXBuildFile section */
		98C7CF4915CA69D8009B52B9 /* UIKit.framework in Frameworks */ = {isa = PBXBuildFile; fileRef = 98C7CF4815CA69D8009B52B9 /* UIKit.framework */; };
		98C7CF4B15CA69D8009B52B9 /* Foundation.framework in Frameworks */ = {isa = PBXBuildFile; fileRef = 98C7CF4A15CA69D8009B52B9 /* Foundation.framework */; };
		98C7CF4D15CA69D8009B52B9 /* CoreGraphics.framework in Frameworks */ = {isa = PBXBuildFile; fileRef = 98C7CF4C15CA69D8009B52B9 /* CoreGraphics.framework */; };
		98C7CF4F15CA69D8009B52B9 /* CoreData.framework in Frameworks */ = {isa = PBXBuildFile; fileRef = 98C7CF4E15CA69D8009B52B9 /* CoreData.framework */; };
		98C7CF5515CA69D8009B52B9 /* InfoPlist.strings in Resources */ = {isa = PBXBuildFile; fileRef = 98C7CF5315CA69D8009B52B9 /* InfoPlist.strings */; };
		98C7CF5715CA69D8009B52B9 /* main.m in Sources */ = {isa = PBXBuildFile; fileRef = 98C7CF5615CA69D8009B52B9 /* main.m */; };
		98C7CF5B15CA69D8009B52B9 /* KHHAppDelegate.m in Sources */ = {isa = PBXBuildFile; fileRef = 98C7CF5A15CA69D8009B52B9 /* KHHAppDelegate.m */; };
		98C7CF5E15CA69D8009B52B9 /* CardBook.xcdatamodeld in Sources */ = {isa = PBXBuildFile; fileRef = 98C7CF5C15CA69D8009B52B9 /* CardBook.xcdatamodeld */; };
		98C7CF6615CA69D8009B52B9 /* SenTestingKit.framework in Frameworks */ = {isa = PBXBuildFile; fileRef = 98C7CF6515CA69D8009B52B9 /* SenTestingKit.framework */; };
		98C7CF6715CA69D8009B52B9 /* UIKit.framework in Frameworks */ = {isa = PBXBuildFile; fileRef = 98C7CF4815CA69D8009B52B9 /* UIKit.framework */; };
		98C7CF6815CA69D8009B52B9 /* Foundation.framework in Frameworks */ = {isa = PBXBuildFile; fileRef = 98C7CF4A15CA69D8009B52B9 /* Foundation.framework */; };
		98C7CF6915CA69D8009B52B9 /* CoreData.framework in Frameworks */ = {isa = PBXBuildFile; fileRef = 98C7CF4E15CA69D8009B52B9 /* CoreData.framework */; };
		98C7CF7115CA69D8009B52B9 /* InfoPlist.strings in Resources */ = {isa = PBXBuildFile; fileRef = 98C7CF6F15CA69D8009B52B9 /* InfoPlist.strings */; };
		98C7CF7415CA69D8009B52B9 /* CardBookTests.m in Sources */ = {isa = PBXBuildFile; fileRef = 98C7CF7315CA69D8009B52B9 /* CardBookTests.m */; };
/* End PBXBuildFile section */

/* Begin PBXContainerItemProxy section */
		98C7CF6A15CA69D8009B52B9 /* PBXContainerItemProxy */ = {
			isa = PBXContainerItemProxy;
			containerPortal = 98C7CF3B15CA69D8009B52B9 /* Project object */;
			proxyType = 1;
			remoteGlobalIDString = 98C7CF4315CA69D8009B52B9;
			remoteInfo = CardBook;
		};
/* End PBXContainerItemProxy section */

/* Begin PBXFileReference section */
		98C7CF4415CA69D8009B52B9 /* CardBook.app */ = {isa = PBXFileReference; explicitFileType = wrapper.application; includeInIndex = 0; path = CardBook.app; sourceTree = BUILT_PRODUCTS_DIR; };
		98C7CF4815CA69D8009B52B9 /* UIKit.framework */ = {isa = PBXFileReference; lastKnownFileType = wrapper.framework; name = UIKit.framework; path = System/Library/Frameworks/UIKit.framework; sourceTree = SDKROOT; };
		98C7CF4A15CA69D8009B52B9 /* Foundation.framework */ = {isa = PBXFileReference; lastKnownFileType = wrapper.framework; name = Foundation.framework; path = System/Library/Frameworks/Foundation.framework; sourceTree = SDKROOT; };
		98C7CF4C15CA69D8009B52B9 /* CoreGraphics.framework */ = {isa = PBXFileReference; lastKnownFileType = wrapper.framework; name = CoreGraphics.framework; path = System/Library/Frameworks/CoreGraphics.framework; sourceTree = SDKROOT; };
		98C7CF4E15CA69D8009B52B9 /* CoreData.framework */ = {isa = PBXFileReference; lastKnownFileType = wrapper.framework; name = CoreData.framework; path = System/Library/Frameworks/CoreData.framework; sourceTree = SDKROOT; };
		98C7CF5215CA69D8009B52B9 /* CardBook-Info.plist */ = {isa = PBXFileReference; lastKnownFileType = text.plist.xml; path = "CardBook-Info.plist"; sourceTree = "<group>"; };
		98C7CF5415CA69D8009B52B9 /* en */ = {isa = PBXFileReference; lastKnownFileType = text.plist.strings; name = en; path = en.lproj/InfoPlist.strings; sourceTree = "<group>"; };
		98C7CF5615CA69D8009B52B9 /* main.m */ = {isa = PBXFileReference; lastKnownFileType = sourcecode.c.objc; path = main.m; sourceTree = "<group>"; };
		98C7CF5815CA69D8009B52B9 /* CardBook-Prefix.pch */ = {isa = PBXFileReference; lastKnownFileType = sourcecode.c.h; path = "CardBook-Prefix.pch"; sourceTree = "<group>"; };
		98C7CF5915CA69D8009B52B9 /* KHHAppDelegate.h */ = {isa = PBXFileReference; lastKnownFileType = sourcecode.c.h; path = KHHAppDelegate.h; sourceTree = "<group>"; };
		98C7CF5A15CA69D8009B52B9 /* KHHAppDelegate.m */ = {isa = PBXFileReference; lastKnownFileType = sourcecode.c.objc; path = KHHAppDelegate.m; sourceTree = "<group>"; };
		98C7CF5D15CA69D8009B52B9 /* CardBook.xcdatamodel */ = {isa = PBXFileReference; lastKnownFileType = wrapper.xcdatamodel; path = CardBook.xcdatamodel; sourceTree = "<group>"; };
		98C7CF6415CA69D8009B52B9 /* CardBookTests.octest */ = {isa = PBXFileReference; explicitFileType = wrapper.cfbundle; includeInIndex = 0; path = CardBookTests.octest; sourceTree = BUILT_PRODUCTS_DIR; };
		98C7CF6515CA69D8009B52B9 /* SenTestingKit.framework */ = {isa = PBXFileReference; lastKnownFileType = wrapper.framework; name = SenTestingKit.framework; path = Library/Frameworks/SenTestingKit.framework; sourceTree = DEVELOPER_DIR; };
		98C7CF6E15CA69D8009B52B9 /* CardBookTests-Info.plist */ = {isa = PBXFileReference; lastKnownFileType = text.plist.xml; path = "CardBookTests-Info.plist"; sourceTree = "<group>"; };
		98C7CF7015CA69D8009B52B9 /* en */ = {isa = PBXFileReference; lastKnownFileType = text.plist.strings; name = en; path = en.lproj/InfoPlist.strings; sourceTree = "<group>"; };
		98C7CF7215CA69D8009B52B9 /* CardBookTests.h */ = {isa = PBXFileReference; lastKnownFileType = sourcecode.c.h; path = CardBookTests.h; sourceTree = "<group>"; };
		98C7CF7315CA69D8009B52B9 /* CardBookTests.m */ = {isa = PBXFileReference; lastKnownFileType = sourcecode.c.objc; path = CardBookTests.m; sourceTree = "<group>"; };
/* End PBXFileReference section */

/* Begin PBXFrameworksBuildPhase section */
		98C7CF4115CA69D8009B52B9 /* Frameworks */ = {
			isa = PBXFrameworksBuildPhase;
			buildActionMask = 2147483647;
			files = (
				98C7CF4915CA69D8009B52B9 /* UIKit.framework in Frameworks */,
				98C7CF4B15CA69D8009B52B9 /* Foundation.framework in Frameworks */,
				98C7CF4D15CA69D8009B52B9 /* CoreGraphics.framework in Frameworks */,
				98C7CF4F15CA69D8009B52B9 /* CoreData.framework in Frameworks */,
			);
			runOnlyForDeploymentPostprocessing = 0;
		};
		98C7CF6015CA69D8009B52B9 /* Frameworks */ = {
			isa = PBXFrameworksBuildPhase;
			buildActionMask = 2147483647;
			files = (
				98C7CF6615CA69D8009B52B9 /* SenTestingKit.framework in Frameworks */,
				98C7CF6715CA69D8009B52B9 /* UIKit.framework in Frameworks */,
				98C7CF6815CA69D8009B52B9 /* Foundation.framework in Frameworks */,
				98C7CF6915CA69D8009B52B9 /* CoreData.framework in Frameworks */,
			);
			runOnlyForDeploymentPostprocessing = 0;
		};
/* End PBXFrameworksBuildPhase section */

/* Begin PBXGroup section */
		98C7CF3915CA69D8009B52B9 = {
			isa = PBXGroup;
			children = (
				98C7CF5015CA69D8009B52B9 /* CardBook */,
				98C7CF6C15CA69D8009B52B9 /* CardBookTests */,
				98C7CF4715CA69D8009B52B9 /* Frameworks */,
				98C7CF4515CA69D8009B52B9 /* Products */,
			);
			sourceTree = "<group>";
		};
		98C7CF4515CA69D8009B52B9 /* Products */ = {
			isa = PBXGroup;
			children = (
				98C7CF4415CA69D8009B52B9 /* CardBook.app */,
				98C7CF6415CA69D8009B52B9 /* CardBookTests.octest */,
			);
			name = Products;
			sourceTree = "<group>";
		};
		98C7CF4715CA69D8009B52B9 /* Frameworks */ = {
			isa = PBXGroup;
			children = (
				98C7CF4815CA69D8009B52B9 /* UIKit.framework */,
				98C7CF4A15CA69D8009B52B9 /* Foundation.framework */,
				98C7CF4C15CA69D8009B52B9 /* CoreGraphics.framework */,
				98C7CF4E15CA69D8009B52B9 /* CoreData.framework */,
				98C7CF6515CA69D8009B52B9 /* SenTestingKit.framework */,
			);
			name = Frameworks;
			sourceTree = "<group>";
		};
		98C7CF5015CA69D8009B52B9 /* CardBook */ = {
			isa = PBXGroup;
			children = (
				98C7CF5915CA69D8009B52B9 /* KHHAppDelegate.h */,
				98C7CF5A15CA69D8009B52B9 /* KHHAppDelegate.m */,
				98C7CF5C15CA69D8009B52B9 /* CardBook.xcdatamodeld */,
				98C7CF5115CA69D8009B52B9 /* Supporting Files */,
			);
			path = CardBook;
			sourceTree = "<group>";
		};
		98C7CF5115CA69D8009B52B9 /* Supporting Files */ = {
			isa = PBXGroup;
			children = (
				98C7CF5215CA69D8009B52B9 /* CardBook-Info.plist */,
				98C7CF5315CA69D8009B52B9 /* InfoPlist.strings */,
				98C7CF5615CA69D8009B52B9 /* main.m */,
				98C7CF5815CA69D8009B52B9 /* CardBook-Prefix.pch */,
			);
			name = "Supporting Files";
			sourceTree = "<group>";
		};
		98C7CF6C15CA69D8009B52B9 /* CardBookTests */ = {
			isa = PBXGroup;
			children = (
				98C7CF7215CA69D8009B52B9 /* CardBookTests.h */,
				98C7CF7315CA69D8009B52B9 /* CardBookTests.m */,
				98C7CF6D15CA69D8009B52B9 /* Supporting Files */,
			);
			path = CardBookTests;
			sourceTree = "<group>";
		};
		98C7CF6D15CA69D8009B52B9 /* Supporting Files */ = {
			isa = PBXGroup;
			children = (
				98C7CF6E15CA69D8009B52B9 /* CardBookTests-Info.plist */,
				98C7CF6F15CA69D8009B52B9 /* InfoPlist.strings */,
			);
			name = "Supporting Files";
			sourceTree = "<group>";
		};
/* End PBXGroup section */

/* Begin PBXNativeTarget section */
		98C7CF4315CA69D8009B52B9 /* CardBook */ = {
			isa = PBXNativeTarget;
			buildConfigurationList = 98C7CF7715CA69D8009B52B9 /* Build configuration list for PBXNativeTarget "CardBook" */;
			buildPhases = (
				98C7CF4015CA69D8009B52B9 /* Sources */,
				98C7CF4115CA69D8009B52B9 /* Frameworks */,
				98C7CF4215CA69D8009B52B9 /* Resources */,
			);
			buildRules = (
			);
			dependencies = (
			);
			name = CardBook;
			productName = CardBook;
			productReference = 98C7CF4415CA69D8009B52B9 /* CardBook.app */;
			productType = "com.apple.product-type.application";
		};
		98C7CF6315CA69D8009B52B9 /* CardBookTests */ = {
			isa = PBXNativeTarget;
			buildConfigurationList = 98C7CF7A15CA69D8009B52B9 /* Build configuration list for PBXNativeTarget "CardBookTests" */;
			buildPhases = (
				98C7CF5F15CA69D8009B52B9 /* Sources */,
				98C7CF6015CA69D8009B52B9 /* Frameworks */,
				98C7CF6115CA69D8009B52B9 /* Resources */,
				98C7CF6215CA69D8009B52B9 /* ShellScript */,
			);
			buildRules = (
			);
			dependencies = (
				98C7CF6B15CA69D8009B52B9 /* PBXTargetDependency */,
			);
			name = CardBookTests;
			productName = CardBookTests;
			productReference = 98C7CF6415CA69D8009B52B9 /* CardBookTests.octest */;
			productType = "com.apple.product-type.bundle";
		};
/* End PBXNativeTarget section */

/* Begin PBXProject section */
		98C7CF3B15CA69D8009B52B9 /* Project object */ = {
			isa = PBXProject;
			attributes = {
				CLASSPREFIX = KHH;
				LastUpgradeCheck = 0440;
				ORGANIZATIONNAME = KingHanHong;
			};
			buildConfigurationList = 98C7CF3E15CA69D8009B52B9 /* Build configuration list for PBXProject "CardBook" */;
			compatibilityVersion = "Xcode 3.2";
			developmentRegion = English;
			hasScannedForEncodings = 0;
			knownRegions = (
				en,
			);
			mainGroup = 98C7CF3915CA69D8009B52B9;
			productRefGroup = 98C7CF4515CA69D8009B52B9 /* Products */;
			projectDirPath = "";
			projectRoot = "";
			targets = (
				98C7CF4315CA69D8009B52B9 /* CardBook */,
				98C7CF6315CA69D8009B52B9 /* CardBookTests */,
			);
		};
/* End PBXProject section */

/* Begin PBXResourcesBuildPhase section */
		98C7CF4215CA69D8009B52B9 /* Resources */ = {
			isa = PBXResourcesBuildPhase;
			buildActionMask = 2147483647;
			files = (
				98C7CF5515CA69D8009B52B9 /* InfoPlist.strings in Resources */,
			);
			runOnlyForDeploymentPostprocessing = 0;
		};
		98C7CF6115CA69D8009B52B9 /* Resources */ = {
			isa = PBXResourcesBuildPhase;
			buildActionMask = 2147483647;
			files = (
				98C7CF7115CA69D8009B52B9 /* InfoPlist.strings in Resources */,
			);
			runOnlyForDeploymentPostprocessing = 0;
		};
/* End PBXResourcesBuildPhase section */

/* Begin PBXShellScriptBuildPhase section */
		98C7CF6215CA69D8009B52B9 /* ShellScript */ = {
			isa = PBXShellScriptBuildPhase;
			buildActionMask = 2147483647;
			files = (
			);
			inputPaths = (
			);
			outputPaths = (
			);
			runOnlyForDeploymentPostprocessing = 0;
			shellPath = /bin/sh;
			shellScript = "# Run the unit tests in this test bundle.\n\"${SYSTEM_DEVELOPER_DIR}/Tools/RunUnitTests\"\n";
		};
/* End PBXShellScriptBuildPhase section */

/* Begin PBXSourcesBuildPhase section */
		98C7CF4015CA69D8009B52B9 /* Sources */ = {
			isa = PBXSourcesBuildPhase;
			buildActionMask = 2147483647;
			files = (
				98C7CF5715CA69D8009B52B9 /* main.m in Sources */,
				98C7CF5B15CA69D8009B52B9 /* KHHAppDelegate.m in Sources */,
				98C7CF5E15CA69D8009B52B9 /* CardBook.xcdatamodeld in Sources */,
			);
			runOnlyForDeploymentPostprocessing = 0;
		};
		98C7CF5F15CA69D8009B52B9 /* Sources */ = {
			isa = PBXSourcesBuildPhase;
			buildActionMask = 2147483647;
			files = (
				98C7CF7415CA69D8009B52B9 /* CardBookTests.m in Sources */,
			);
			runOnlyForDeploymentPostprocessing = 0;
		};
/* End PBXSourcesBuildPhase section */

/* Begin PBXTargetDependency section */
		98C7CF6B15CA69D8009B52B9 /* PBXTargetDependency */ = {
			isa = PBXTargetDependency;
			target = 98C7CF4315CA69D8009B52B9 /* CardBook */;
			targetProxy = 98C7CF6A15CA69D8009B52B9 /* PBXContainerItemProxy */;
		};
/* End PBXTargetDependency section */

/* Begin PBXVariantGroup section */
		98C7CF5315CA69D8009B52B9 /* InfoPlist.strings */ = {
			isa = PBXVariantGroup;
			children = (
				98C7CF5415CA69D8009B52B9 /* en */,
			);
			name = InfoPlist.strings;
			sourceTree = "<group>";
		};
		98C7CF6F15CA69D8009B52B9 /* InfoPlist.strings */ = {
			isa = PBXVariantGroup;
			children = (
				98C7CF7015CA69D8009B52B9 /* en */,
			);
			name = InfoPlist.strings;
			sourceTree = "<group>";
		};
/* End PBXVariantGroup section */

/* Begin XCBuildConfiguration section */
		98C7CF7515CA69D8009B52B9 /* Debug */ = {
			isa = XCBuildConfiguration;
			buildSettings = {
				ALWAYS_SEARCH_USER_PATHS = NO;
				ARCHS = "$(ARCHS_STANDARD_32_BIT)";
				CLANG_CXX_LANGUAGE_STANDARD = "gnu++0x";
				CLANG_ENABLE_OBJC_ARC = YES;
				CLANG_WARN__DUPLICATE_METHOD_MATCH = YES;
				"CODE_SIGN_IDENTITY[sdk=iphoneos*]" = "iPhone Developer";
				COPY_PHASE_STRIP = NO;
				GCC_C_LANGUAGE_STANDARD = gnu99;
				GCC_DYNAMIC_NO_PIC = NO;
				GCC_OPTIMIZATION_LEVEL = 0;
				GCC_PREPROCESSOR_DEFINITIONS = (
					"DEBUG=1",
					"$(inherited)",
				);
				GCC_SYMBOLS_PRIVATE_EXTERN = NO;
				GCC_VERSION = com.apple.compilers.llvm.clang.1_0;
				GCC_WARN_ABOUT_RETURN_TYPE = YES;
				GCC_WARN_UNINITIALIZED_AUTOS = YES;
				GCC_WARN_UNUSED_VARIABLE = YES;
				IPHONEOS_DEPLOYMENT_TARGET = 5.1;
				SDKROOT = iphoneos;
			};
			name = Debug;
		};
		98C7CF7615CA69D8009B52B9 /* Release */ = {
			isa = XCBuildConfiguration;
			buildSettings = {
				ALWAYS_SEARCH_USER_PATHS = NO;
				ARCHS = "$(ARCHS_STANDARD_32_BIT)";
				CLANG_CXX_LANGUAGE_STANDARD = "gnu++0x";
				CLANG_ENABLE_OBJC_ARC = YES;
				CLANG_WARN__DUPLICATE_METHOD_MATCH = YES;
				"CODE_SIGN_IDENTITY[sdk=iphoneos*]" = "iPhone Developer";
				COPY_PHASE_STRIP = YES;
				GCC_C_LANGUAGE_STANDARD = gnu99;
				GCC_VERSION = com.apple.compilers.llvm.clang.1_0;
				GCC_WARN_ABOUT_RETURN_TYPE = YES;
				GCC_WARN_UNINITIALIZED_AUTOS = YES;
				GCC_WARN_UNUSED_VARIABLE = YES;
				IPHONEOS_DEPLOYMENT_TARGET = 5.1;
				OTHER_CFLAGS = "-DNS_BLOCK_ASSERTIONS=1";
				SDKROOT = iphoneos;
				VALIDATE_PRODUCT = YES;
			};
			name = Release;
		};
		98C7CF7815CA69D8009B52B9 /* Debug */ = {
			isa = XCBuildConfiguration;
			buildSettings = {
				GCC_PRECOMPILE_PREFIX_HEADER = YES;
				GCC_PREFIX_HEADER = "CardBook/CardBook-Prefix.pch";
				INFOPLIST_FILE = "CardBook/CardBook-Info.plist";
				PRODUCT_NAME = "$(TARGET_NAME)";
				WRAPPER_EXTENSION = app;
			};
			name = Debug;
		};
		98C7CF7915CA69D8009B52B9 /* Release */ = {
			isa = XCBuildConfiguration;
			buildSettings = {
				GCC_PRECOMPILE_PREFIX_HEADER = YES;
				GCC_PREFIX_HEADER = "CardBook/CardBook-Prefix.pch";
				INFOPLIST_FILE = "CardBook/CardBook-Info.plist";
				PRODUCT_NAME = "$(TARGET_NAME)";
				WRAPPER_EXTENSION = app;
			};
			name = Release;
		};
		98C7CF7B15CA69D8009B52B9 /* Debug */ = {
			isa = XCBuildConfiguration;
			buildSettings = {
				BUNDLE_LOADER = "$(BUILT_PRODUCTS_DIR)/CardBook.app/CardBook";
				FRAMEWORK_SEARCH_PATHS = (
					"\"$(SDKROOT)/Developer/Library/Frameworks\"",
					"\"$(DEVELOPER_LIBRARY_DIR)/Frameworks\"",
				);
				GCC_PRECOMPILE_PREFIX_HEADER = YES;
				GCC_PREFIX_HEADER = "CardBook/CardBook-Prefix.pch";
				INFOPLIST_FILE = "CardBookTests/CardBookTests-Info.plist";
				PRODUCT_NAME = "$(TARGET_NAME)";
				TEST_HOST = "$(BUNDLE_LOADER)";
				WRAPPER_EXTENSION = octest;
			};
			name = Debug;
		};
		98C7CF7C15CA69D8009B52B9 /* Release */ = {
			isa = XCBuildConfiguration;
			buildSettings = {
				BUNDLE_LOADER = "$(BUILT_PRODUCTS_DIR)/CardBook.app/CardBook";
				FRAMEWORK_SEARCH_PATHS = (
					"\"$(SDKROOT)/Developer/Library/Frameworks\"",
					"\"$(DEVELOPER_LIBRARY_DIR)/Frameworks\"",
				);
				GCC_PRECOMPILE_PREFIX_HEADER = YES;
				GCC_PREFIX_HEADER = "CardBook/CardBook-Prefix.pch";
				INFOPLIST_FILE = "CardBookTests/CardBookTests-Info.plist";
				PRODUCT_NAME = "$(TARGET_NAME)";
				TEST_HOST = "$(BUNDLE_LOADER)";
				WRAPPER_EXTENSION = octest;
			};
			name = Release;
		};
/* End XCBuildConfiguration section */

/* Begin XCConfigurationList section */
		98C7CF3E15CA69D8009B52B9 /* Build configuration list for PBXProject "CardBook" */ = {
			isa = XCConfigurationList;
			buildConfigurations = (
				98C7CF7515CA69D8009B52B9 /* Debug */,
				98C7CF7615CA69D8009B52B9 /* Release */,
			);
			defaultConfigurationIsVisible = 0;
			defaultConfigurationName = Release;
		};
		98C7CF7715CA69D8009B52B9 /* Build configuration list for PBXNativeTarget "CardBook" */ = {
			isa = XCConfigurationList;
			buildConfigurations = (
				98C7CF7815CA69D8009B52B9 /* Debug */,
				98C7CF7915CA69D8009B52B9 /* Release */,
			);
			defaultConfigurationIsVisible = 0;
		};
		98C7CF7A15CA69D8009B52B9 /* Build configuration list for PBXNativeTarget "CardBookTests" */ = {
			isa = XCConfigurationList;
			buildConfigurations = (
				98C7CF7B15CA69D8009B52B9 /* Debug */,
				98C7CF7C15CA69D8009B52B9 /* Release */,
			);
			defaultConfigurationIsVisible = 0;
		};
/* End XCConfigurationList section */

/* Begin XCVersionGroup section */
		98C7CF5C15CA69D8009B52B9 /* CardBook.xcdatamodeld */ = {
			isa = XCVersionGroup;
			children = (
				98C7CF5D15CA69D8009B52B9 /* CardBook.xcdatamodel */,
			);
			currentVersion = 98C7CF5D15CA69D8009B52B9 /* CardBook.xcdatamodel */;
			path = CardBook.xcdatamodeld;
			sourceTree = "<group>";
			versionGroupType = wrapper.xcdatamodel;
		};
/* End XCVersionGroup section */
	};
	rootObject = 98C7CF3B15CA69D8009B52B9 /* Project object */;
}
